{
    "_readme": [
        "This file locks the dependencies of your project to a known state",
        "Read more about it at https://getcomposer.org/doc/01-basic-usage.md#composer-lock-the-lock-file",
        "This file is @generated automatically"
    ],
    "hash": "bf3d392b767dc4bfd7272f142e90af67",
    "content-hash": "8f234da8b2cdf0db8f010ce8ccadbcc6",
    "packages": [
        {
            "name": "outragelib/delegator",
            "version": "dev-master",
            "source": {
                "type": "git",
                "url": "https://github.com/OUTRAGElib/delegator.git",
                "reference": "e5111f4c4a90cd7262a212bd20f1cbd8fc922037"
            },
            "dist": {
                "type": "zip",
                "url": "https://api.github.com/repos/OUTRAGElib/delegator/zipball/e5111f4c4a90cd7262a212bd20f1cbd8fc922037",
                "reference": "e5111f4c4a90cd7262a212bd20f1cbd8fc922037",
                "shasum": ""
            },
            "type": "library",
            "autoload": {
                "psr-4": {
                    "OUTRAGElib\\": "./lib"
                }
            },
            "notification-url": "https://packagist.org/downloads/",
            "license": [
                "MIT"
            ],
            "authors": [
                {
                    "name": "David Weston",
                    "email": "westie@typefish.co.uk"
                }
            ],
            "description": "Delegator library for OUTRAGElib",
            "time": "2017-09-07 19:58:03"
        },
        {
            "name": "outragelib/objectlist",
            "version": "dev-master",
            "source": {
                "type": "git",
                "url": "https://github.com/OUTRAGElib/objectlist.git",
                "reference": "3aadf2fcf4dad34e746d7939464e6e2b88f1ce6a"
            },
            "dist": {
                "type": "zip",
                "url": "https://api.github.com/repos/OUTRAGElib/objectlist/zipball/3aadf2fcf4dad34e746d7939464e6e2b88f1ce6a",
                "reference": "3aadf2fcf4dad34e746d7939464e6e2b88f1ce6a",
                "shasum": ""
            },
            "type": "library",
            "autoload": {
                "psr-4": {
                    "OUTRAGElib\\": "./lib"
                }
            },
            "notification-url": "https://packagist.org/downloads/",
            "license": [
                "MIT"
            ],
            "authors": [
                {
                    "name": "David Weston",
                    "email": "westie@typefish.co.uk"
                }
            ],
            "description": "ObjectList library for OUTRAGElib",
            "time": "2017-09-07 19:58:20"
        }
    ],
    "packages-dev": [],
    "aliases": [],
    "minimum-stability": "dev",
    "stability-flags": {
        "outragelib/delegator": 20,
        "outragelib/objectlist": 20
    },
    "prefer-stable": false,
    "prefer-lowest": false,
    "platform": [],
    "platform-dev": []
}
